
Microsoft Visual Studio Solution File, Format Version 12.00
# Visual Studio 15
VisualStudioVersion = 15.0.27703.2035
MinimumVisualStudioVersion = 10.0.40219.1
Project("{FAE04EC0-301F-11D3-BF4B-00C04F79EFBC}") = "FamilyTree", "FamilyTree\FamilyTree.csproj", "{6B4E2CB5-C9FB-4668-A442-F1F01D65243F}"
EndProject
Project("{FAE04EC0-301F-11D3-BF4B-00C04F79EFBC}") = "FamilyTreeTests", "FamilyTreeTests\FamilyTreeTests.csproj", "{9FF31348-BD46-4AD7-9CF6-E754BC9B5951}"
EndProject
Global
	GlobalSection(SolutionConfigurationPlatforms) = preSolution
		Debug|Any CPU = Debug|Any CPU
		Release|Any CPU = Release|Any CPU
	EndGlobalSection
	GlobalSection(ProjectConfigurationPlatforms) = postSolution
		{6B4E2CB5-C9FB-4668-A442-F1F01D65243F}.Debug|Any CPU.ActiveCfg = Debug|Any CPU
		{6B4E2CB5-C9FB-4668-A442-F1F01D65243F}.Debug|Any CPU.Build.0 = Debug|Any CPU
		{6B4E2CB5-C9FB-4668-A442-F1F01D65243F}.Release|Any CPU.ActiveCfg = Release|Any CPU
		{6B4E2CB5-C9FB-4668-A442-F1F01D65243F}.Release|Any CPU.Build.0 = Release|Any CPU
		{9FF31348-BD46-4AD7-9CF6-E754BC9B5951}.Debug|Any CPU.ActiveCfg = Debug|Any CPU
		{9FF31348-BD46-4AD7-9CF6-E754BC9B5951}.Debug|Any CPU.Build.0 = Debug|Any CPU
		{9FF31348-BD46-4AD7-9CF6-E754BC9B5951}.Release|Any CPU.ActiveCfg = Release|Any CPU
		{9FF31348-BD46-4AD7-9CF6-E754BC9B5951}.Release|Any CPU.Build.0 = Release|Any CPU
	EndGlobalSection
	GlobalSection(SolutionProperties) = preSolution
		HideSolutionNode = FALSE
	EndGlobalSection
	GlobalSection(ExtensibilityGlobals) = postSolution
		SolutionGuid = {37C2351A-0D89-4BDC-AA63-A7C5891573D2}
	EndGlobalSection
EndGlobal
